
Microsoft Visual Studio Solution File, Format Version 12.00
# Visual Studio Version 17
VisualStudioVersion = 17.4.33103.184
MinimumVisualStudioVersion = 10.0.40219.1
Project("{FAE04EC0-301F-11D3-BF4B-00C04F79EFBC}") = "Wpf_Seeting_up_the_project_for_LinqToSQL", "Wpf_Seeting_up_the_project_for_LinqToSQL\Wpf_Seeting_up_the_project_for_LinqToSQL.csproj", "{D4C850C7-5267-450E-8136-7E33F4E204D0}"
EndProject
Global
	GlobalSection(SolutionConfigurationPlatforms) = preSolution
		Debug|Any CPU = Debug|Any CPU
		Release|Any CPU = Release|Any CPU
	EndGlobalSection
	GlobalSection(ProjectConfigurationPlatforms) = postSolution
		{D4C850C7-5267-450E-8136-7E33F4E204D0}.Debug|Any CPU.ActiveCfg = Debug|Any CPU
		{D4C850C7-5267-450E-8136-7E33F4E204D0}.Debug|Any CPU.Build.0 = Debug|Any CPU
		{D4C850C7-5267-450E-8136-7E33F4E204D0}.Release|Any CPU.ActiveCfg = Release|Any CPU
		{D4C850C7-5267-450E-8136-7E33F4E204D0}.Release|Any CPU.Build.0 = Release|Any CPU
	EndGlobalSection
	GlobalSection(SolutionProperties) = preSolution
		HideSolutionNode = FALSE
	EndGlobalSection
	GlobalSection(ExtensibilityGlobals) = postSolution
		SolutionGuid = {C64FED10-C70E-4C8D-A1E4-E2BA5B036842}
	EndGlobalSection
EndGlobal
