
Microsoft Visual Studio Solution File, Format Version 12.00
# Visual Studio Version 17
VisualStudioVersion = 17.4.33103.184
MinimumVisualStudioVersion = 10.0.40219.1
Project("{FAE04EC0-301F-11D3-BF4B-00C04F79EFBC}") = "Intro_objekt_orientert_analyse_og_design", "Intro_objekt_orientert_analyse_og_design.csproj", "{2CE8B902-DAC1-4D44-B426-8C97EE8728E1}"
EndProject
Global
	GlobalSection(SolutionConfigurationPlatforms) = preSolution
		Debug|Any CPU = Debug|Any CPU
		Release|Any CPU = Release|Any CPU
	EndGlobalSection
	GlobalSection(ProjectConfigurationPlatforms) = postSolution
		{2CE8B902-DAC1-4D44-B426-8C97EE8728E1}.Debug|Any CPU.ActiveCfg = Debug|Any CPU
		{2CE8B902-DAC1-4D44-B426-8C97EE8728E1}.Debug|Any CPU.Build.0 = Debug|Any CPU
		{2CE8B902-DAC1-4D44-B426-8C97EE8728E1}.Release|Any CPU.ActiveCfg = Release|Any CPU
		{2CE8B902-DAC1-4D44-B426-8C97EE8728E1}.Release|Any CPU.Build.0 = Release|Any CPU
	EndGlobalSection
	GlobalSection(SolutionProperties) = preSolution
		HideSolutionNode = FALSE
	EndGlobalSection
	GlobalSection(ExtensibilityGlobals) = postSolution
		SolutionGuid = {8380D8CF-EC2C-468A-8940-0B4A8CDCC857}
	EndGlobalSection
EndGlobal
