
Microsoft Visual Studio Solution File, Format Version 12.00
# Visual Studio Version 17
VisualStudioVersion = 17.4.33110.190
MinimumVisualStudioVersion = 10.0.40219.1
Project("{FAE04EC0-301F-11D3-BF4B-00C04F79EFBC}") = "Oppgave_Ordgåter", "Oppgave_Ordgåter\Oppgave_Ordgåter.csproj", "{BDC12F76-F430-460F-B413-F647A0F21647}"
EndProject
Project("{2150E333-8FDC-42A3-9474-1A3956D46DE8}") = "Solution Items", "Solution Items", "{0B908898-68BC-4533-A26A-5A109B67DEDA}"
EndProject
Global
	GlobalSection(SolutionConfigurationPlatforms) = preSolution
		Debug|Any CPU = Debug|Any CPU
		Release|Any CPU = Release|Any CPU
	EndGlobalSection
	GlobalSection(ProjectConfigurationPlatforms) = postSolution
		{BDC12F76-F430-460F-B413-F647A0F21647}.Debug|Any CPU.ActiveCfg = Debug|Any CPU
		{BDC12F76-F430-460F-B413-F647A0F21647}.Debug|Any CPU.Build.0 = Debug|Any CPU
		{BDC12F76-F430-460F-B413-F647A0F21647}.Release|Any CPU.ActiveCfg = Release|Any CPU
		{BDC12F76-F430-460F-B413-F647A0F21647}.Release|Any CPU.Build.0 = Release|Any CPU
	EndGlobalSection
	GlobalSection(SolutionProperties) = preSolution
		HideSolutionNode = FALSE
	EndGlobalSection
	GlobalSection(ExtensibilityGlobals) = postSolution
		SolutionGuid = {050270BA-926D-4A08-96BC-3E8A0F72F2B9}
	EndGlobalSection
EndGlobal
