
Microsoft Visual Studio Solution File, Format Version 12.00
# Visual Studio Version 17
VisualStudioVersion = 17.4.33110.190
MinimumVisualStudioVersion = 10.0.40219.1
Project("{FAE04EC0-301F-11D3-BF4B-00C04F79EFBC}") = "UnitTest.Test", "UnitTest.Test\UnitTest.Test.csproj", "{E1C65049-9250-4FC3-9CAF-B16D2D286960}"
EndProject
Project("{FAE04EC0-301F-11D3-BF4B-00C04F79EFBC}") = "UnitTesting.ConsoleApp", "UnitTesting.ConsoleApp\UnitTesting.ConsoleApp.csproj", "{D687339E-BF27-4B74-8A8E-5DA211DDB7E2}"
EndProject
Global
	GlobalSection(SolutionConfigurationPlatforms) = preSolution
		Debug|Any CPU = Debug|Any CPU
		Release|Any CPU = Release|Any CPU
	EndGlobalSection
	GlobalSection(ProjectConfigurationPlatforms) = postSolution
		{E1C65049-9250-4FC3-9CAF-B16D2D286960}.Debug|Any CPU.ActiveCfg = Debug|Any CPU
		{E1C65049-9250-4FC3-9CAF-B16D2D286960}.Debug|Any CPU.Build.0 = Debug|Any CPU
		{E1C65049-9250-4FC3-9CAF-B16D2D286960}.Release|Any CPU.ActiveCfg = Release|Any CPU
		{E1C65049-9250-4FC3-9CAF-B16D2D286960}.Release|Any CPU.Build.0 = Release|Any CPU
		{D687339E-BF27-4B74-8A8E-5DA211DDB7E2}.Debug|Any CPU.ActiveCfg = Debug|Any CPU
		{D687339E-BF27-4B74-8A8E-5DA211DDB7E2}.Debug|Any CPU.Build.0 = Debug|Any CPU
		{D687339E-BF27-4B74-8A8E-5DA211DDB7E2}.Release|Any CPU.ActiveCfg = Release|Any CPU
		{D687339E-BF27-4B74-8A8E-5DA211DDB7E2}.Release|Any CPU.Build.0 = Release|Any CPU
	EndGlobalSection
	GlobalSection(SolutionProperties) = preSolution
		HideSolutionNode = FALSE
	EndGlobalSection
	GlobalSection(ExtensibilityGlobals) = postSolution
		SolutionGuid = {46AE6E1F-D3F0-462C-9D64-7E0D71D7308A}
	EndGlobalSection
EndGlobal
