
Microsoft Visual Studio Solution File, Format Version 12.00
# Visual Studio Version 17
VisualStudioVersion = 17.4.33110.190
MinimumVisualStudioVersion = 10.0.40219.1
Project("{FAE04EC0-301F-11D3-BF4B-00C04F79EFBC}") = "inheritance_demo02", "inheritance_demo02\inheritance_demo02.csproj", "{557F56CC-7048-472B-918B-80401E705C7D}"
EndProject
Global
	GlobalSection(SolutionConfigurationPlatforms) = preSolution
		Debug|Any CPU = Debug|Any CPU
		Release|Any CPU = Release|Any CPU
	EndGlobalSection
	GlobalSection(ProjectConfigurationPlatforms) = postSolution
		{557F56CC-7048-472B-918B-80401E705C7D}.Debug|Any CPU.ActiveCfg = Debug|Any CPU
		{557F56CC-7048-472B-918B-80401E705C7D}.Debug|Any CPU.Build.0 = Debug|Any CPU
		{557F56CC-7048-472B-918B-80401E705C7D}.Release|Any CPU.ActiveCfg = Release|Any CPU
		{557F56CC-7048-472B-918B-80401E705C7D}.Release|Any CPU.Build.0 = Release|Any CPU
	EndGlobalSection
	GlobalSection(SolutionProperties) = preSolution
		HideSolutionNode = FALSE
	EndGlobalSection
	GlobalSection(ExtensibilityGlobals) = postSolution
		SolutionGuid = {A3E427DA-6440-44FD-B20E-2D53881A4665}
	EndGlobalSection
EndGlobal
