
Microsoft Visual Studio Solution File, Format Version 12.00
# Visual Studio Version 17
VisualStudioVersion = 17.4.33110.190
MinimumVisualStudioVersion = 10.0.40219.1
Project("{FAE04EC0-301F-11D3-BF4B-00C04F79EFBC}") = "Demo_Formatting", "Demo_Formatting\Demo_Formatting.csproj", "{D508DE6B-B8C4-4AEC-9BBF-BE652A192647}"
EndProject
Global
	GlobalSection(SolutionConfigurationPlatforms) = preSolution
		Debug|Any CPU = Debug|Any CPU
		Release|Any CPU = Release|Any CPU
	EndGlobalSection
	GlobalSection(ProjectConfigurationPlatforms) = postSolution
		{D508DE6B-B8C4-4AEC-9BBF-BE652A192647}.Debug|Any CPU.ActiveCfg = Debug|Any CPU
		{D508DE6B-B8C4-4AEC-9BBF-BE652A192647}.Debug|Any CPU.Build.0 = Debug|Any CPU
		{D508DE6B-B8C4-4AEC-9BBF-BE652A192647}.Release|Any CPU.ActiveCfg = Release|Any CPU
		{D508DE6B-B8C4-4AEC-9BBF-BE652A192647}.Release|Any CPU.Build.0 = Release|Any CPU
	EndGlobalSection
	GlobalSection(SolutionProperties) = preSolution
		HideSolutionNode = FALSE
	EndGlobalSection
	GlobalSection(ExtensibilityGlobals) = postSolution
		SolutionGuid = {7C10E1D3-80DA-40DC-90BB-13254B080FAB}
	EndGlobalSection
EndGlobal
