
Microsoft Visual Studio Solution File, Format Version 12.00
# Visual Studio Version 17
VisualStudioVersion = 17.4.33103.184
MinimumVisualStudioVersion = 10.0.40219.1
Project("{FAE04EC0-301F-11D3-BF4B-00C04F79EFBC}") = "101_Linq_samples", "101_Linq_samples.csproj", "{2328F6D8-EA74-4BDA-9A7E-00D7494CA0D8}"
EndProject
Global
	GlobalSection(SolutionConfigurationPlatforms) = preSolution
		Debug|Any CPU = Debug|Any CPU
		Release|Any CPU = Release|Any CPU
	EndGlobalSection
	GlobalSection(ProjectConfigurationPlatforms) = postSolution
		{2328F6D8-EA74-4BDA-9A7E-00D7494CA0D8}.Debug|Any CPU.ActiveCfg = Debug|Any CPU
		{2328F6D8-EA74-4BDA-9A7E-00D7494CA0D8}.Debug|Any CPU.Build.0 = Debug|Any CPU
		{2328F6D8-EA74-4BDA-9A7E-00D7494CA0D8}.Release|Any CPU.ActiveCfg = Release|Any CPU
		{2328F6D8-EA74-4BDA-9A7E-00D7494CA0D8}.Release|Any CPU.Build.0 = Release|Any CPU
	EndGlobalSection
	GlobalSection(SolutionProperties) = preSolution
		HideSolutionNode = FALSE
	EndGlobalSection
	GlobalSection(ExtensibilityGlobals) = postSolution
		SolutionGuid = {AD08F241-109C-47CA-B3B0-0DA392103902}
	EndGlobalSection
EndGlobal
