
Microsoft Visual Studio Solution File, Format Version 12.00
# Visual Studio Version 17
VisualStudioVersion = 17.3.32901.215
MinimumVisualStudioVersion = 10.0.40219.1
Project("{FAE04EC0-301F-11D3-BF4B-00C04F79EFBC}") = "Classes_Private-set_Constructors_Example_from_school", "Classes_Private-set_Constructors_Example_from_school.csproj", "{F6DAB848-9E87-4777-9425-3DF002A546FC}"
EndProject
Global
	GlobalSection(SolutionConfigurationPlatforms) = preSolution
		Debug|Any CPU = Debug|Any CPU
		Release|Any CPU = Release|Any CPU
	EndGlobalSection
	GlobalSection(ProjectConfigurationPlatforms) = postSolution
		{F6DAB848-9E87-4777-9425-3DF002A546FC}.Debug|Any CPU.ActiveCfg = Debug|Any CPU
		{F6DAB848-9E87-4777-9425-3DF002A546FC}.Debug|Any CPU.Build.0 = Debug|Any CPU
		{F6DAB848-9E87-4777-9425-3DF002A546FC}.Release|Any CPU.ActiveCfg = Release|Any CPU
		{F6DAB848-9E87-4777-9425-3DF002A546FC}.Release|Any CPU.Build.0 = Release|Any CPU
	EndGlobalSection
	GlobalSection(SolutionProperties) = preSolution
		HideSolutionNode = FALSE
	EndGlobalSection
	GlobalSection(ExtensibilityGlobals) = postSolution
		SolutionGuid = {104747E4-BD38-4FF3-B58F-2F93E0931E9B}
	EndGlobalSection
EndGlobal
