
Microsoft Visual Studio Solution File, Format Version 12.00
# Visual Studio Version 17
VisualStudioVersion = 17.3.32901.215
MinimumVisualStudioVersion = 10.0.40219.1
Project("{FAE04EC0-301F-11D3-BF4B-00C04F79EFBC}") = "Undervisning_objekter_via_static_02", "Undervisning_objekter_via_static_02.csproj", "{0F3C1E69-26DE-4B6C-A2F3-6C5DCEC553D7}"
EndProject
Global
	GlobalSection(SolutionConfigurationPlatforms) = preSolution
		Debug|Any CPU = Debug|Any CPU
		Release|Any CPU = Release|Any CPU
	EndGlobalSection
	GlobalSection(ProjectConfigurationPlatforms) = postSolution
		{0F3C1E69-26DE-4B6C-A2F3-6C5DCEC553D7}.Debug|Any CPU.ActiveCfg = Debug|Any CPU
		{0F3C1E69-26DE-4B6C-A2F3-6C5DCEC553D7}.Debug|Any CPU.Build.0 = Debug|Any CPU
		{0F3C1E69-26DE-4B6C-A2F3-6C5DCEC553D7}.Release|Any CPU.ActiveCfg = Release|Any CPU
		{0F3C1E69-26DE-4B6C-A2F3-6C5DCEC553D7}.Release|Any CPU.Build.0 = Release|Any CPU
	EndGlobalSection
	GlobalSection(SolutionProperties) = preSolution
		HideSolutionNode = FALSE
	EndGlobalSection
	GlobalSection(ExtensibilityGlobals) = postSolution
		SolutionGuid = {C3810EB4-E04B-4271-973B-FB1D17C76CB7}
	EndGlobalSection
EndGlobal
