
Microsoft Visual Studio Solution File, Format Version 12.00
# Visual Studio Version 17
VisualStudioVersion = 17.4.33110.190
MinimumVisualStudioVersion = 10.0.40219.1
Project("{FAE04EC0-301F-11D3-BF4B-00C04F79EFBC}") = "TrafficLights", "TrafficLights\TrafficLights.csproj", "{94060EF0-695B-4A76-95F5-7651A54CF3C0}"
EndProject
Global
	GlobalSection(SolutionConfigurationPlatforms) = preSolution
		Debug|Any CPU = Debug|Any CPU
		Release|Any CPU = Release|Any CPU
	EndGlobalSection
	GlobalSection(ProjectConfigurationPlatforms) = postSolution
		{94060EF0-695B-4A76-95F5-7651A54CF3C0}.Debug|Any CPU.ActiveCfg = Debug|Any CPU
		{94060EF0-695B-4A76-95F5-7651A54CF3C0}.Debug|Any CPU.Build.0 = Debug|Any CPU
		{94060EF0-695B-4A76-95F5-7651A54CF3C0}.Release|Any CPU.ActiveCfg = Release|Any CPU
		{94060EF0-695B-4A76-95F5-7651A54CF3C0}.Release|Any CPU.Build.0 = Release|Any CPU
	EndGlobalSection
	GlobalSection(SolutionProperties) = preSolution
		HideSolutionNode = FALSE
	EndGlobalSection
	GlobalSection(ExtensibilityGlobals) = postSolution
		SolutionGuid = {478E265E-0951-42F2-81E5-F7EE48CC5BF2}
	EndGlobalSection
EndGlobal
