
Microsoft Visual Studio Solution File, Format Version 12.00
# Visual Studio Version 17
VisualStudioVersion = 17.4.33110.190
MinimumVisualStudioVersion = 10.0.40219.1
Project("{FAE04EC0-301F-11D3-BF4B-00C04F79EFBC}") = "01_Interface", "01_Interface\01_Interface.csproj", "{29117B3A-B942-4F16-AA90-3A6C4E2FDC8B}"
EndProject
Global
	GlobalSection(SolutionConfigurationPlatforms) = preSolution
		Debug|Any CPU = Debug|Any CPU
		Release|Any CPU = Release|Any CPU
	EndGlobalSection
	GlobalSection(ProjectConfigurationPlatforms) = postSolution
		{29117B3A-B942-4F16-AA90-3A6C4E2FDC8B}.Debug|Any CPU.ActiveCfg = Debug|Any CPU
		{29117B3A-B942-4F16-AA90-3A6C4E2FDC8B}.Debug|Any CPU.Build.0 = Debug|Any CPU
		{29117B3A-B942-4F16-AA90-3A6C4E2FDC8B}.Release|Any CPU.ActiveCfg = Release|Any CPU
		{29117B3A-B942-4F16-AA90-3A6C4E2FDC8B}.Release|Any CPU.Build.0 = Release|Any CPU
	EndGlobalSection
	GlobalSection(SolutionProperties) = preSolution
		HideSolutionNode = FALSE
	EndGlobalSection
	GlobalSection(ExtensibilityGlobals) = postSolution
		SolutionGuid = {1E8C2A59-2F2C-4638-AE4D-E93D3B1C8787}
	EndGlobalSection
EndGlobal
