
Microsoft Visual Studio Solution File, Format Version 12.00
# Visual Studio Version 17
VisualStudioVersion = 17.3.32901.215
MinimumVisualStudioVersion = 10.0.40219.1
Project("{FAE04EC0-301F-11D3-BF4B-00C04F79EFBC}") = "Metoder_Overloads_og_default_value", "Metoder_Overloads_og_default_value.csproj", "{27012AC6-5617-4CD4-8B76-F0FA394A3F17}"
EndProject
Global
	GlobalSection(SolutionConfigurationPlatforms) = preSolution
		Debug|Any CPU = Debug|Any CPU
		Release|Any CPU = Release|Any CPU
	EndGlobalSection
	GlobalSection(ProjectConfigurationPlatforms) = postSolution
		{27012AC6-5617-4CD4-8B76-F0FA394A3F17}.Debug|Any CPU.ActiveCfg = Debug|Any CPU
		{27012AC6-5617-4CD4-8B76-F0FA394A3F17}.Debug|Any CPU.Build.0 = Debug|Any CPU
		{27012AC6-5617-4CD4-8B76-F0FA394A3F17}.Release|Any CPU.ActiveCfg = Release|Any CPU
		{27012AC6-5617-4CD4-8B76-F0FA394A3F17}.Release|Any CPU.Build.0 = Release|Any CPU
	EndGlobalSection
	GlobalSection(SolutionProperties) = preSolution
		HideSolutionNode = FALSE
	EndGlobalSection
	GlobalSection(ExtensibilityGlobals) = postSolution
		SolutionGuid = {63F8113D-1DF2-41EC-BA65-886BB73EC942}
	EndGlobalSection
EndGlobal
