
Microsoft Visual Studio Solution File, Format Version 12.00
# Visual Studio Version 17
VisualStudioVersion = 17.4.33110.190
MinimumVisualStudioVersion = 10.0.40219.1
Project("{FAE04EC0-301F-11D3-BF4B-00C04F79EFBC}") = "Abstract", "Abstract\Abstract.csproj", "{3179FE52-C970-49A2-9D30-72D7776786F4}"
EndProject
Global
	GlobalSection(SolutionConfigurationPlatforms) = preSolution
		Debug|Any CPU = Debug|Any CPU
		Release|Any CPU = Release|Any CPU
	EndGlobalSection
	GlobalSection(ProjectConfigurationPlatforms) = postSolution
		{3179FE52-C970-49A2-9D30-72D7776786F4}.Debug|Any CPU.ActiveCfg = Debug|Any CPU
		{3179FE52-C970-49A2-9D30-72D7776786F4}.Debug|Any CPU.Build.0 = Debug|Any CPU
		{3179FE52-C970-49A2-9D30-72D7776786F4}.Release|Any CPU.ActiveCfg = Release|Any CPU
		{3179FE52-C970-49A2-9D30-72D7776786F4}.Release|Any CPU.Build.0 = Release|Any CPU
	EndGlobalSection
	GlobalSection(SolutionProperties) = preSolution
		HideSolutionNode = FALSE
	EndGlobalSection
	GlobalSection(ExtensibilityGlobals) = postSolution
		SolutionGuid = {F09A652F-4372-459D-90F8-5DD1633B8F8F}
	EndGlobalSection
EndGlobal
