
Microsoft Visual Studio Solution File, Format Version 12.00
# Visual Studio Version 17
VisualStudioVersion = 17.4.33110.190
MinimumVisualStudioVersion = 10.0.40219.1
Project("{FAE04EC0-301F-11D3-BF4B-00C04F79EFBC}") = "DemoWpf", "DemoWpf\DemoWpf.csproj", "{D8A14909-5B66-48D5-8725-0DFCDD99C050}"
EndProject
Global
	GlobalSection(SolutionConfigurationPlatforms) = preSolution
		Debug|Any CPU = Debug|Any CPU
		Release|Any CPU = Release|Any CPU
	EndGlobalSection
	GlobalSection(ProjectConfigurationPlatforms) = postSolution
		{D8A14909-5B66-48D5-8725-0DFCDD99C050}.Debug|Any CPU.ActiveCfg = Debug|Any CPU
		{D8A14909-5B66-48D5-8725-0DFCDD99C050}.Debug|Any CPU.Build.0 = Debug|Any CPU
		{D8A14909-5B66-48D5-8725-0DFCDD99C050}.Release|Any CPU.ActiveCfg = Release|Any CPU
		{D8A14909-5B66-48D5-8725-0DFCDD99C050}.Release|Any CPU.Build.0 = Release|Any CPU
	EndGlobalSection
	GlobalSection(SolutionProperties) = preSolution
		HideSolutionNode = FALSE
	EndGlobalSection
	GlobalSection(ExtensibilityGlobals) = postSolution
		SolutionGuid = {7643FE8B-30E5-464A-BEC0-B74BA97A3913}
	EndGlobalSection
EndGlobal
